
Microsoft Visual Studio Solution File, Format Version 12.00
# Visual Studio 15
VisualStudioVersion = 15.0.26430.6
MinimumVisualStudioVersion = 10.0.40219.1
Project("{FAE04EC0-301F-11D3-BF4B-00C04F79EFBC}") = "Sample.Android", "Sample\Sample.Android\Sample.Android.csproj", "{CFA3D793-8611-4DDA-8F11-57E4B5E18792}"
EndProject
Project("{FAE04EC0-301F-11D3-BF4B-00C04F79EFBC}") = "Sample", "Sample\Sample\Sample.csproj", "{C9134123-C9B5-4E9F-A1BC-3F0494E3E073}"
EndProject
Project("{FAE04EC0-301F-11D3-BF4B-00C04F79EFBC}") = "Sample.UWP", "Sample\Sample.UWP\Sample.UWP.csproj", "{53DAA7C1-B28F-4365-B788-5E5BC3F2D1AA}"
EndProject
Project("{FAE04EC0-301F-11D3-BF4B-00C04F79EFBC}") = "Sample.iOS", "Sample\Sample.iOS\Sample.iOS.csproj", "{248F6BF2-82D3-440B-A58F-D58D247A91E5}"
EndProject
Project("{2150E333-8FDC-42A3-9474-1A3956D46DE8}") = "ControlSource", "ControlSource", "{32340BA3-1DE0-4725-8066-9D8BC9394923}"
EndProject
Project("{FAE04EC0-301F-11D3-BF4B-00C04F79EFBC}") = "DNAXFSlidingButton", "..\DNAXFSlidingButton\DNAXFSlidingButton\DNAXFSlidingButton.csproj", "{67F9D3A8-F71E-4428-913F-C37AE82CDB24}"
EndProject
Global
	GlobalSection(SolutionConfigurationPlatforms) = preSolution
		Ad-Hoc|Any CPU = Ad-Hoc|Any CPU
		Ad-Hoc|ARM = Ad-Hoc|ARM
		Ad-Hoc|iPhone = Ad-Hoc|iPhone
		Ad-Hoc|iPhoneSimulator = Ad-Hoc|iPhoneSimulator
		Ad-Hoc|x64 = Ad-Hoc|x64
		Ad-Hoc|x86 = Ad-Hoc|x86
		AppStore|Any CPU = AppStore|Any CPU
		AppStore|ARM = AppStore|ARM
		AppStore|iPhone = AppStore|iPhone
		AppStore|iPhoneSimulator = AppStore|iPhoneSimulator
		AppStore|x64 = AppStore|x64
		AppStore|x86 = AppStore|x86
		Debug|Any CPU = Debug|Any CPU
		Debug|ARM = Debug|ARM
		Debug|iPhone = Debug|iPhone
		Debug|iPhoneSimulator = Debug|iPhoneSimulator
		Debug|x64 = Debug|x64
		Debug|x86 = Debug|x86
		Release|Any CPU = Release|Any CPU
		Release|ARM = Release|ARM
		Release|iPhone = Release|iPhone
		Release|iPhoneSimulator = Release|iPhoneSimulator
		Release|x64 = Release|x64
		Release|x86 = Release|x86
	EndGlobalSection
	GlobalSection(ProjectConfigurationPlatforms) = postSolution
		{CFA3D793-8611-4DDA-8F11-57E4B5E18792}.Ad-Hoc|Any CPU.ActiveCfg = Release|Any CPU
		{CFA3D793-8611-4DDA-8F11-57E4B5E18792}.Ad-Hoc|Any CPU.Build.0 = Release|Any CPU
		{CFA3D793-8611-4DDA-8F11-57E4B5E18792}.Ad-Hoc|Any CPU.Deploy.0 = Release|Any CPU
		{CFA3D793-8611-4DDA-8F11-57E4B5E18792}.Ad-Hoc|ARM.ActiveCfg = Release|Any CPU
		{CFA3D793-8611-4DDA-8F11-57E4B5E18792}.Ad-Hoc|ARM.Build.0 = Release|Any CPU
		{CFA3D793-8611-4DDA-8F11-57E4B5E18792}.Ad-Hoc|ARM.Deploy.0 = Release|Any CPU
		{CFA3D793-8611-4DDA-8F11-57E4B5E18792}.Ad-Hoc|iPhone.ActiveCfg = Release|Any CPU
		{CFA3D793-8611-4DDA-8F11-57E4B5E18792}.Ad-Hoc|iPhone.Build.0 = Release|Any CPU
		{CFA3D793-8611-4DDA-8F11-57E4B5E18792}.Ad-Hoc|iPhone.Deploy.0 = Release|Any CPU
		{CFA3D793-8611-4DDA-8F11-57E4B5E18792}.Ad-Hoc|iPhoneSimulator.ActiveCfg = Release|Any CPU
		{CFA3D793-8611-4DDA-8F11-57E4B5E18792}.Ad-Hoc|iPhoneSimulator.Build.0 = Release|Any CPU
		{CFA3D793-8611-4DDA-8F11-57E4B5E18792}.Ad-Hoc|iPhoneSimulator.Deploy.0 = Release|Any CPU
		{CFA3D793-8611-4DDA-8F11-57E4B5E18792}.Ad-Hoc|x64.ActiveCfg = Release|Any CPU
		{CFA3D793-8611-4DDA-8F11-57E4B5E18792}.Ad-Hoc|x64.Build.0 = Release|Any CPU
		{CFA3D793-8611-4DDA-8F11-57E4B5E18792}.Ad-Hoc|x64.Deploy.0 = Release|Any CPU
		{CFA3D793-8611-4DDA-8F11-57E4B5E18792}.Ad-Hoc|x86.ActiveCfg = Release|Any CPU
		{CFA3D793-8611-4DDA-8F11-57E4B5E18792}.Ad-Hoc|x86.Build.0 = Release|Any CPU
		{CFA3D793-8611-4DDA-8F11-57E4B5E18792}.Ad-Hoc|x86.Deploy.0 = Release|Any CPU
		{CFA3D793-8611-4DDA-8F11-57E4B5E18792}.AppStore|Any CPU.ActiveCfg = Release|Any CPU
		{CFA3D793-8611-4DDA-8F11-57E4B5E18792}.AppStore|Any CPU.Build.0 = Release|Any CPU
		{CFA3D793-8611-4DDA-8F11-57E4B5E18792}.AppStore|Any CPU.Deploy.0 = Release|Any CPU
		{CFA3D793-8611-4DDA-8F11-57E4B5E18792}.AppStore|ARM.ActiveCfg = Release|Any CPU
		{CFA3D793-8611-4DDA-8F11-57E4B5E18792}.AppStore|ARM.Build.0 = Release|Any CPU
		{CFA3D793-8611-4DDA-8F11-57E4B5E18792}.AppStore|ARM.Deploy.0 = Release|Any CPU
		{CFA3D793-8611-4DDA-8F11-57E4B5E18792}.AppStore|iPhone.ActiveCfg = Release|Any CPU
		{CFA3D793-8611-4DDA-8F11-57E4B5E18792}.AppStore|iPhone.Build.0 = Release|Any CPU
		{CFA3D793-8611-4DDA-8F11-57E4B5E18792}.AppStore|iPhone.Deploy.0 = Release|Any CPU
		{CFA3D793-8611-4DDA-8F11-57E4B5E18792}.AppStore|iPhoneSimulator.ActiveCfg = Release|Any CPU
		{CFA3D793-8611-4DDA-8F11-57E4B5E18792}.AppStore|iPhoneSimulator.Build.0 = Release|Any CPU
		{CFA3D793-8611-4DDA-8F11-57E4B5E18792}.AppStore|iPhoneSimulator.Deploy.0 = Release|Any CPU
		{CFA3D793-8611-4DDA-8F11-57E4B5E18792}.AppStore|x64.ActiveCfg = Release|Any CPU
		{CFA3D793-8611-4DDA-8F11-57E4B5E18792}.AppStore|x64.Build.0 = Release|Any CPU
		{CFA3D793-8611-4DDA-8F11-57E4B5E18792}.AppStore|x64.Deploy.0 = Release|Any CPU
		{CFA3D793-8611-4DDA-8F11-57E4B5E18792}.AppStore|x86.ActiveCfg = Release|Any CPU
		{CFA3D793-8611-4DDA-8F11-57E4B5E18792}.AppStore|x86.Build.0 = Release|Any CPU
		{CFA3D793-8611-4DDA-8F11-57E4B5E18792}.AppStore|x86.Deploy.0 = Release|Any CPU
		{CFA3D793-8611-4DDA-8F11-57E4B5E18792}.Debug|Any CPU.ActiveCfg = Debug|Any CPU
		{CFA3D793-8611-4DDA-8F11-57E4B5E18792}.Debug|Any CPU.Build.0 = Debug|Any CPU
		{CFA3D793-8611-4DDA-8F11-57E4B5E18792}.Debug|Any CPU.Deploy.0 = Debug|Any CPU
		{CFA3D793-8611-4DDA-8F11-57E4B5E18792}.Debug|ARM.ActiveCfg = Debug|Any CPU
		{CFA3D793-8611-4DDA-8F11-57E4B5E18792}.Debug|ARM.Build.0 = Debug|Any CPU
		{CFA3D793-8611-4DDA-8F11-57E4B5E18792}.Debug|ARM.Deploy.0 = Debug|Any CPU
		{CFA3D793-8611-4DDA-8F11-57E4B5E18792}.Debug|iPhone.ActiveCfg = Debug|Any CPU
		{CFA3D793-8611-4DDA-8F11-57E4B5E18792}.Debug|iPhone.Build.0 = Debug|Any CPU
		{CFA3D793-8611-4DDA-8F11-57E4B5E18792}.Debug|iPhone.Deploy.0 = Debug|Any CPU
		{CFA3D793-8611-4DDA-8F11-57E4B5E18792}.Debug|iPhoneSimulator.ActiveCfg = Debug|Any CPU
		{CFA3D793-8611-4DDA-8F11-57E4B5E18792}.Debug|iPhoneSimulator.Build.0 = Debug|Any CPU
		{CFA3D793-8611-4DDA-8F11-57E4B5E18792}.Debug|iPhoneSimulator.Deploy.0 = Debug|Any CPU
		{CFA3D793-8611-4DDA-8F11-57E4B5E18792}.Debug|x64.ActiveCfg = Debug|Any CPU
		{CFA3D793-8611-4DDA-8F11-57E4B5E18792}.Debug|x64.Build.0 = Debug|Any CPU
		{CFA3D793-8611-4DDA-8F11-57E4B5E18792}.Debug|x64.Deploy.0 = Debug|Any CPU
		{CFA3D793-8611-4DDA-8F11-57E4B5E18792}.Debug|x86.ActiveCfg = Debug|Any CPU
		{CFA3D793-8611-4DDA-8F11-57E4B5E18792}.Debug|x86.Build.0 = Debug|Any CPU
		{CFA3D793-8611-4DDA-8F11-57E4B5E18792}.Debug|x86.Deploy.0 = Debug|Any CPU
		{CFA3D793-8611-4DDA-8F11-57E4B5E18792}.Release|Any CPU.ActiveCfg = Release|Any CPU
		{CFA3D793-8611-4DDA-8F11-57E4B5E18792}.Release|Any CPU.Build.0 = Release|Any CPU
		{CFA3D793-8611-4DDA-8F11-57E4B5E18792}.Release|Any CPU.Deploy.0 = Release|Any CPU
		{CFA3D793-8611-4DDA-8F11-57E4B5E18792}.Release|ARM.ActiveCfg = Release|Any CPU
		{CFA3D793-8611-4DDA-8F11-57E4B5E18792}.Release|ARM.Build.0 = Release|Any CPU
		{CFA3D793-8611-4DDA-8F11-57E4B5E18792}.Release|ARM.Deploy.0 = Release|Any CPU
		{CFA3D793-8611-4DDA-8F11-57E4B5E18792}.Release|iPhone.ActiveCfg = Release|Any CPU
		{CFA3D793-8611-4DDA-8F11-57E4B5E18792}.Release|iPhone.Build.0 = Release|Any CPU
		{CFA3D793-8611-4DDA-8F11-57E4B5E18792}.Release|iPhone.Deploy.0 = Release|Any CPU
		{CFA3D793-8611-4DDA-8F11-57E4B5E18792}.Release|iPhoneSimulator.ActiveCfg = Release|Any CPU
		{CFA3D793-8611-4DDA-8F11-57E4B5E18792}.Release|iPhoneSimulator.Build.0 = Release|Any CPU
		{CFA3D793-8611-4DDA-8F11-57E4B5E18792}.Release|iPhoneSimulator.Deploy.0 = Release|Any CPU
		{CFA3D793-8611-4DDA-8F11-57E4B5E18792}.Release|x64.ActiveCfg = Release|Any CPU
		{CFA3D793-8611-4DDA-8F11-57E4B5E18792}.Release|x64.Build.0 = Release|Any CPU
		{CFA3D793-8611-4DDA-8F11-57E4B5E18792}.Release|x64.Deploy.0 = Release|Any CPU
		{CFA3D793-8611-4DDA-8F11-57E4B5E18792}.Release|x86.ActiveCfg = Release|Any CPU
		{CFA3D793-8611-4DDA-8F11-57E4B5E18792}.Release|x86.Build.0 = Release|Any CPU
		{CFA3D793-8611-4DDA-8F11-57E4B5E18792}.Release|x86.Deploy.0 = Release|Any CPU
		{C9134123-C9B5-4E9F-A1BC-3F0494E3E073}.Ad-Hoc|Any CPU.ActiveCfg = Release|Any CPU
		{C9134123-C9B5-4E9F-A1BC-3F0494E3E073}.Ad-Hoc|Any CPU.Build.0 = Release|Any CPU
		{C9134123-C9B5-4E9F-A1BC-3F0494E3E073}.Ad-Hoc|ARM.ActiveCfg = Release|Any CPU
		{C9134123-C9B5-4E9F-A1BC-3F0494E3E073}.Ad-Hoc|ARM.Build.0 = Release|Any CPU
		{C9134123-C9B5-4E9F-A1BC-3F0494E3E073}.Ad-Hoc|iPhone.ActiveCfg = Release|Any CPU
		{C9134123-C9B5-4E9F-A1BC-3F0494E3E073}.Ad-Hoc|iPhone.Build.0 = Release|Any CPU
		{C9134123-C9B5-4E9F-A1BC-3F0494E3E073}.Ad-Hoc|iPhoneSimulator.ActiveCfg = Release|Any CPU
		{C9134123-C9B5-4E9F-A1BC-3F0494E3E073}.Ad-Hoc|iPhoneSimulator.Build.0 = Release|Any CPU
		{C9134123-C9B5-4E9F-A1BC-3F0494E3E073}.Ad-Hoc|x64.ActiveCfg = Release|Any CPU
		{C9134123-C9B5-4E9F-A1BC-3F0494E3E073}.Ad-Hoc|x64.Build.0 = Release|Any CPU
		{C9134123-C9B5-4E9F-A1BC-3F0494E3E073}.Ad-Hoc|x86.ActiveCfg = Release|Any CPU
		{C9134123-C9B5-4E9F-A1BC-3F0494E3E073}.Ad-Hoc|x86.Build.0 = Release|Any CPU
		{C9134123-C9B5-4E9F-A1BC-3F0494E3E073}.AppStore|Any CPU.ActiveCfg = Release|Any CPU
		{C9134123-C9B5-4E9F-A1BC-3F0494E3E073}.AppStore|Any CPU.Build.0 = Release|Any CPU
		{C9134123-C9B5-4E9F-A1BC-3F0494E3E073}.AppStore|ARM.ActiveCfg = Release|Any CPU
		{C9134123-C9B5-4E9F-A1BC-3F0494E3E073}.AppStore|ARM.Build.0 = Release|Any CPU
		{C9134123-C9B5-4E9F-A1BC-3F0494E3E073}.AppStore|iPhone.ActiveCfg = Release|Any CPU
		{C9134123-C9B5-4E9F-A1BC-3F0494E3E073}.AppStore|iPhone.Build.0 = Release|Any CPU
		{C9134123-C9B5-4E9F-A1BC-3F0494E3E073}.AppStore|iPhoneSimulator.ActiveCfg = Release|Any CPU
		{C9134123-C9B5-4E9F-A1BC-3F0494E3E073}.AppStore|iPhoneSimulator.Build.0 = Release|Any CPU
		{C9134123-C9B5-4E9F-A1BC-3F0494E3E073}.AppStore|x64.ActiveCfg = Release|Any CPU
		{C9134123-C9B5-4E9F-A1BC-3F0494E3E073}.AppStore|x64.Build.0 = Release|Any CPU
		{C9134123-C9B5-4E9F-A1BC-3F0494E3E073}.AppStore|x86.ActiveCfg = Release|Any CPU
		{C9134123-C9B5-4E9F-A1BC-3F0494E3E073}.AppStore|x86.Build.0 = Release|Any CPU
		{C9134123-C9B5-4E9F-A1BC-3F0494E3E073}.Debug|Any CPU.ActiveCfg = Debug|Any CPU
		{C9134123-C9B5-4E9F-A1BC-3F0494E3E073}.Debug|Any CPU.Build.0 = Debug|Any CPU
		{C9134123-C9B5-4E9F-A1BC-3F0494E3E073}.Debug|ARM.ActiveCfg = Debug|Any CPU
		{C9134123-C9B5-4E9F-A1BC-3F0494E3E073}.Debug|ARM.Build.0 = Debug|Any CPU
		{C9134123-C9B5-4E9F-A1BC-3F0494E3E073}.Debug|iPhone.ActiveCfg = Debug|Any CPU
		{C9134123-C9B5-4E9F-A1BC-3F0494E3E073}.Debug|iPhone.Build.0 = Debug|Any CPU
		{C9134123-C9B5-4E9F-A1BC-3F0494E3E073}.Debug|iPhoneSimulator.ActiveCfg = Debug|Any CPU
		{C9134123-C9B5-4E9F-A1BC-3F0494E3E073}.Debug|iPhoneSimulator.Build.0 = Debug|Any CPU
		{C9134123-C9B5-4E9F-A1BC-3F0494E3E073}.Debug|x64.ActiveCfg = Debug|Any CPU
		{C9134123-C9B5-4E9F-A1BC-3F0494E3E073}.Debug|x64.Build.0 = Debug|Any CPU
		{C9134123-C9B5-4E9F-A1BC-3F0494E3E073}.Debug|x86.ActiveCfg = Debug|Any CPU
		{C9134123-C9B5-4E9F-A1BC-3F0494E3E073}.Debug|x86.Build.0 = Debug|Any CPU
		{C9134123-C9B5-4E9F-A1BC-3F0494E3E073}.Release|Any CPU.ActiveCfg = Release|Any CPU
		{C9134123-C9B5-4E9F-A1BC-3F0494E3E073}.Release|Any CPU.Build.0 = Release|Any CPU
		{C9134123-C9B5-4E9F-A1BC-3F0494E3E073}.Release|ARM.ActiveCfg = Release|Any CPU
		{C9134123-C9B5-4E9F-A1BC-3F0494E3E073}.Release|ARM.Build.0 = Release|Any CPU
		{C9134123-C9B5-4E9F-A1BC-3F0494E3E073}.Release|iPhone.ActiveCfg = Release|Any CPU
		{C9134123-C9B5-4E9F-A1BC-3F0494E3E073}.Release|iPhone.Build.0 = Release|Any CPU
		{C9134123-C9B5-4E9F-A1BC-3F0494E3E073}.Release|iPhoneSimulator.ActiveCfg = Release|Any CPU
		{C9134123-C9B5-4E9F-A1BC-3F0494E3E073}.Release|iPhoneSimulator.Build.0 = Release|Any CPU
		{C9134123-C9B5-4E9F-A1BC-3F0494E3E073}.Release|x64.ActiveCfg = Release|Any CPU
		{C9134123-C9B5-4E9F-A1BC-3F0494E3E073}.Release|x64.Build.0 = Release|Any CPU
		{C9134123-C9B5-4E9F-A1BC-3F0494E3E073}.Release|x86.ActiveCfg = Release|Any CPU
		{C9134123-C9B5-4E9F-A1BC-3F0494E3E073}.Release|x86.Build.0 = Release|Any CPU
		{53DAA7C1-B28F-4365-B788-5E5BC3F2D1AA}.Ad-Hoc|Any CPU.ActiveCfg = Release|x86
		{53DAA7C1-B28F-4365-B788-5E5BC3F2D1AA}.Ad-Hoc|Any CPU.Build.0 = Release|x86
		{53DAA7C1-B28F-4365-B788-5E5BC3F2D1AA}.Ad-Hoc|Any CPU.Deploy.0 = Release|x86
		{53DAA7C1-B28F-4365-B788-5E5BC3F2D1AA}.Ad-Hoc|ARM.ActiveCfg = Release|ARM
		{53DAA7C1-B28F-4365-B788-5E5BC3F2D1AA}.Ad-Hoc|ARM.Build.0 = Release|ARM
		{53DAA7C1-B28F-4365-B788-5E5BC3F2D1AA}.Ad-Hoc|ARM.Deploy.0 = Release|ARM
		{53DAA7C1-B28F-4365-B788-5E5BC3F2D1AA}.Ad-Hoc|iPhone.ActiveCfg = Release|x86
		{53DAA7C1-B28F-4365-B788-5E5BC3F2D1AA}.Ad-Hoc|iPhone.Build.0 = Release|x86
		{53DAA7C1-B28F-4365-B788-5E5BC3F2D1AA}.Ad-Hoc|iPhone.Deploy.0 = Release|x86
		{53DAA7C1-B28F-4365-B788-5E5BC3F2D1AA}.Ad-Hoc|iPhoneSimulator.ActiveCfg = Release|x86
		{53DAA7C1-B28F-4365-B788-5E5BC3F2D1AA}.Ad-Hoc|iPhoneSimulator.Build.0 = Release|x86
		{53DAA7C1-B28F-4365-B788-5E5BC3F2D1AA}.Ad-Hoc|iPhoneSimulator.Deploy.0 = Release|x86
		{53DAA7C1-B28F-4365-B788-5E5BC3F2D1AA}.Ad-Hoc|x64.ActiveCfg = Release|x64
		{53DAA7C1-B28F-4365-B788-5E5BC3F2D1AA}.Ad-Hoc|x64.Build.0 = Release|x64
		{53DAA7C1-B28F-4365-B788-5E5BC3F2D1AA}.Ad-Hoc|x64.Deploy.0 = Release|x64
		{53DAA7C1-B28F-4365-B788-5E5BC3F2D1AA}.Ad-Hoc|x86.ActiveCfg = Release|x86
		{53DAA7C1-B28F-4365-B788-5E5BC3F2D1AA}.Ad-Hoc|x86.Build.0 = Release|x86
		{53DAA7C1-B28F-4365-B788-5E5BC3F2D1AA}.Ad-Hoc|x86.Deploy.0 = Release|x86
		{53DAA7C1-B28F-4365-B788-5E5BC3F2D1AA}.AppStore|Any CPU.ActiveCfg = Release|x86
		{53DAA7C1-B28F-4365-B788-5E5BC3F2D1AA}.AppStore|Any CPU.Build.0 = Release|x86
		{53DAA7C1-B28F-4365-B788-5E5BC3F2D1AA}.AppStore|Any CPU.Deploy.0 = Release|x86
		{53DAA7C1-B28F-4365-B788-5E5BC3F2D1AA}.AppStore|ARM.ActiveCfg = Release|ARM
		{53DAA7C1-B28F-4365-B788-5E5BC3F2D1AA}.AppStore|ARM.Build.0 = Release|ARM
		{53DAA7C1-B28F-4365-B788-5E5BC3F2D1AA}.AppStore|ARM.Deploy.0 = Release|ARM
		{53DAA7C1-B28F-4365-B788-5E5BC3F2D1AA}.AppStore|iPhone.ActiveCfg = Release|x86
		{53DAA7C1-B28F-4365-B788-5E5BC3F2D1AA}.AppStore|iPhone.Build.0 = Release|x86
		{53DAA7C1-B28F-4365-B788-5E5BC3F2D1AA}.AppStore|iPhone.Deploy.0 = Release|x86
		{53DAA7C1-B28F-4365-B788-5E5BC3F2D1AA}.AppStore|iPhoneSimulator.ActiveCfg = Release|x86
		{53DAA7C1-B28F-4365-B788-5E5BC3F2D1AA}.AppStore|iPhoneSimulator.Build.0 = Release|x86
		{53DAA7C1-B28F-4365-B788-5E5BC3F2D1AA}.AppStore|iPhoneSimulator.Deploy.0 = Release|x86
		{53DAA7C1-B28F-4365-B788-5E5BC3F2D1AA}.AppStore|x64.ActiveCfg = Release|x64
		{53DAA7C1-B28F-4365-B788-5E5BC3F2D1AA}.AppStore|x64.Build.0 = Release|x64
		{53DAA7C1-B28F-4365-B788-5E5BC3F2D1AA}.AppStore|x64.Deploy.0 = Release|x64
		{53DAA7C1-B28F-4365-B788-5E5BC3F2D1AA}.AppStore|x86.ActiveCfg = Release|x86
		{53DAA7C1-B28F-4365-B788-5E5BC3F2D1AA}.AppStore|x86.Build.0 = Release|x86
		{53DAA7C1-B28F-4365-B788-5E5BC3F2D1AA}.AppStore|x86.Deploy.0 = Release|x86
		{53DAA7C1-B28F-4365-B788-5E5BC3F2D1AA}.Debug|Any CPU.ActiveCfg = Debug|x86
		{53DAA7C1-B28F-4365-B788-5E5BC3F2D1AA}.Debug|ARM.ActiveCfg = Debug|ARM
		{53DAA7C1-B28F-4365-B788-5E5BC3F2D1AA}.Debug|ARM.Build.0 = Debug|ARM
		{53DAA7C1-B28F-4365-B788-5E5BC3F2D1AA}.Debug|ARM.Deploy.0 = Debug|ARM
		{53DAA7C1-B28F-4365-B788-5E5BC3F2D1AA}.Debug|iPhone.ActiveCfg = Debug|x86
		{53DAA7C1-B28F-4365-B788-5E5BC3F2D1AA}.Debug|iPhoneSimulator.ActiveCfg = Debug|x86
		{53DAA7C1-B28F-4365-B788-5E5BC3F2D1AA}.Debug|x64.ActiveCfg = Debug|x64
		{53DAA7C1-B28F-4365-B788-5E5BC3F2D1AA}.Debug|x64.Build.0 = Debug|x64
		{53DAA7C1-B28F-4365-B788-5E5BC3F2D1AA}.Debug|x64.Deploy.0 = Debug|x64
		{53DAA7C1-B28F-4365-B788-5E5BC3F2D1AA}.Debug|x86.ActiveCfg = Debug|x86
		{53DAA7C1-B28F-4365-B788-5E5BC3F2D1AA}.Debug|x86.Build.0 = Debug|x86
		{53DAA7C1-B28F-4365-B788-5E5BC3F2D1AA}.Debug|x86.Deploy.0 = Debug|x86
		{53DAA7C1-B28F-4365-B788-5E5BC3F2D1AA}.Release|Any CPU.ActiveCfg = Release|x86
		{53DAA7C1-B28F-4365-B788-5E5BC3F2D1AA}.Release|ARM.ActiveCfg = Release|ARM
		{53DAA7C1-B28F-4365-B788-5E5BC3F2D1AA}.Release|ARM.Build.0 = Release|ARM
		{53DAA7C1-B28F-4365-B788-5E5BC3F2D1AA}.Release|ARM.Deploy.0 = Release|ARM
		{53DAA7C1-B28F-4365-B788-5E5BC3F2D1AA}.Release|iPhone.ActiveCfg = Release|x86
		{53DAA7C1-B28F-4365-B788-5E5BC3F2D1AA}.Release|iPhoneSimulator.ActiveCfg = Release|x86
		{53DAA7C1-B28F-4365-B788-5E5BC3F2D1AA}.Release|x64.ActiveCfg = Release|x64
		{53DAA7C1-B28F-4365-B788-5E5BC3F2D1AA}.Release|x64.Build.0 = Release|x64
		{53DAA7C1-B28F-4365-B788-5E5BC3F2D1AA}.Release|x64.Deploy.0 = Release|x64
		{53DAA7C1-B28F-4365-B788-5E5BC3F2D1AA}.Release|x86.ActiveCfg = Release|x86
		{53DAA7C1-B28F-4365-B788-5E5BC3F2D1AA}.Release|x86.Build.0 = Release|x86
		{53DAA7C1-B28F-4365-B788-5E5BC3F2D1AA}.Release|x86.Deploy.0 = Release|x86
		{248F6BF2-82D3-440B-A58F-D58D247A91E5}.Ad-Hoc|Any CPU.ActiveCfg = Ad-Hoc|iPhone
		{248F6BF2-82D3-440B-A58F-D58D247A91E5}.Ad-Hoc|ARM.ActiveCfg = Ad-Hoc|iPhone
		{248F6BF2-82D3-440B-A58F-D58D247A91E5}.Ad-Hoc|iPhone.ActiveCfg = Ad-Hoc|iPhone
		{248F6BF2-82D3-440B-A58F-D58D247A91E5}.Ad-Hoc|iPhone.Build.0 = Ad-Hoc|iPhone
		{248F6BF2-82D3-440B-A58F-D58D247A91E5}.Ad-Hoc|iPhoneSimulator.ActiveCfg = Ad-Hoc|iPhoneSimulator
		{248F6BF2-82D3-440B-A58F-D58D247A91E5}.Ad-Hoc|iPhoneSimulator.Build.0 = Ad-Hoc|iPhoneSimulator
		{248F6BF2-82D3-440B-A58F-D58D247A91E5}.Ad-Hoc|x64.ActiveCfg = Ad-Hoc|iPhone
		{248F6BF2-82D3-440B-A58F-D58D247A91E5}.Ad-Hoc|x86.ActiveCfg = Ad-Hoc|iPhone
		{248F6BF2-82D3-440B-A58F-D58D247A91E5}.AppStore|Any CPU.ActiveCfg = AppStore|iPhone
		{248F6BF2-82D3-440B-A58F-D58D247A91E5}.AppStore|ARM.ActiveCfg = AppStore|iPhone
		{248F6BF2-82D3-440B-A58F-D58D247A91E5}.AppStore|iPhone.ActiveCfg = AppStore|iPhone
		{248F6BF2-82D3-440B-A58F-D58D247A91E5}.AppStore|iPhone.Build.0 = AppStore|iPhone
		{248F6BF2-82D3-440B-A58F-D58D247A91E5}.AppStore|iPhoneSimulator.ActiveCfg = AppStore|iPhoneSimulator
		{248F6BF2-82D3-440B-A58F-D58D247A91E5}.AppStore|iPhoneSimulator.Build.0 = AppStore|iPhoneSimulator
		{248F6BF2-82D3-440B-A58F-D58D247A91E5}.AppStore|x64.ActiveCfg = AppStore|iPhone
		{248F6BF2-82D3-440B-A58F-D58D247A91E5}.AppStore|x86.ActiveCfg = AppStore|iPhone
		{248F6BF2-82D3-440B-A58F-D58D247A91E5}.Debug|Any CPU.ActiveCfg = Debug|iPhone
		{248F6BF2-82D3-440B-A58F-D58D247A91E5}.Debug|ARM.ActiveCfg = Debug|iPhone
		{248F6BF2-82D3-440B-A58F-D58D247A91E5}.Debug|iPhone.ActiveCfg = Debug|iPhone
		{248F6BF2-82D3-440B-A58F-D58D247A91E5}.Debug|iPhone.Build.0 = Debug|iPhone
		{248F6BF2-82D3-440B-A58F-D58D247A91E5}.Debug|iPhoneSimulator.ActiveCfg = Debug|iPhoneSimulator
		{248F6BF2-82D3-440B-A58F-D58D247A91E5}.Debug|iPhoneSimulator.Build.0 = Debug|iPhoneSimulator
		{248F6BF2-82D3-440B-A58F-D58D247A91E5}.Debug|x64.ActiveCfg = Debug|iPhone
		{248F6BF2-82D3-440B-A58F-D58D247A91E5}.Debug|x86.ActiveCfg = Debug|iPhone
		{248F6BF2-82D3-440B-A58F-D58D247A91E5}.Release|Any CPU.ActiveCfg = Release|iPhone
		{248F6BF2-82D3-440B-A58F-D58D247A91E5}.Release|ARM.ActiveCfg = Release|iPhone
		{248F6BF2-82D3-440B-A58F-D58D247A91E5}.Release|iPhone.ActiveCfg = Release|iPhone
		{248F6BF2-82D3-440B-A58F-D58D247A91E5}.Release|iPhone.Build.0 = Release|iPhone
		{248F6BF2-82D3-440B-A58F-D58D247A91E5}.Release|iPhoneSimulator.ActiveCfg = Release|iPhoneSimulator
		{248F6BF2-82D3-440B-A58F-D58D247A91E5}.Release|iPhoneSimulator.Build.0 = Release|iPhoneSimulator
		{248F6BF2-82D3-440B-A58F-D58D247A91E5}.Release|x64.ActiveCfg = Release|iPhone
		{248F6BF2-82D3-440B-A58F-D58D247A91E5}.Release|x86.ActiveCfg = Release|iPhone
		{67F9D3A8-F71E-4428-913F-C37AE82CDB24}.Ad-Hoc|Any CPU.ActiveCfg = Release|Any CPU
		{67F9D3A8-F71E-4428-913F-C37AE82CDB24}.Ad-Hoc|Any CPU.Build.0 = Release|Any CPU
		{67F9D3A8-F71E-4428-913F-C37AE82CDB24}.Ad-Hoc|ARM.ActiveCfg = Release|Any CPU
		{67F9D3A8-F71E-4428-913F-C37AE82CDB24}.Ad-Hoc|ARM.Build.0 = Release|Any CPU
		{67F9D3A8-F71E-4428-913F-C37AE82CDB24}.Ad-Hoc|iPhone.ActiveCfg = Release|Any CPU
		{67F9D3A8-F71E-4428-913F-C37AE82CDB24}.Ad-Hoc|iPhone.Build.0 = Release|Any CPU
		{67F9D3A8-F71E-4428-913F-C37AE82CDB24}.Ad-Hoc|iPhoneSimulator.ActiveCfg = Release|Any CPU
		{67F9D3A8-F71E-4428-913F-C37AE82CDB24}.Ad-Hoc|iPhoneSimulator.Build.0 = Release|Any CPU
		{67F9D3A8-F71E-4428-913F-C37AE82CDB24}.Ad-Hoc|x64.ActiveCfg = Release|Any CPU
		{67F9D3A8-F71E-4428-913F-C37AE82CDB24}.Ad-Hoc|x64.Build.0 = Release|Any CPU
		{67F9D3A8-F71E-4428-913F-C37AE82CDB24}.Ad-Hoc|x86.ActiveCfg = Release|Any CPU
		{67F9D3A8-F71E-4428-913F-C37AE82CDB24}.Ad-Hoc|x86.Build.0 = Release|Any CPU
		{67F9D3A8-F71E-4428-913F-C37AE82CDB24}.AppStore|Any CPU.ActiveCfg = Release|Any CPU
		{67F9D3A8-F71E-4428-913F-C37AE82CDB24}.AppStore|Any CPU.Build.0 = Release|Any CPU
		{67F9D3A8-F71E-4428-913F-C37AE82CDB24}.AppStore|ARM.ActiveCfg = Release|Any CPU
		{67F9D3A8-F71E-4428-913F-C37AE82CDB24}.AppStore|ARM.Build.0 = Release|Any CPU
		{67F9D3A8-F71E-4428-913F-C37AE82CDB24}.AppStore|iPhone.ActiveCfg = Release|Any CPU
		{67F9D3A8-F71E-4428-913F-C37AE82CDB24}.AppStore|iPhone.Build.0 = Release|Any CPU
		{67F9D3A8-F71E-4428-913F-C37AE82CDB24}.AppStore|iPhoneSimulator.ActiveCfg = Release|Any CPU
		{67F9D3A8-F71E-4428-913F-C37AE82CDB24}.AppStore|iPhoneSimulator.Build.0 = Release|Any CPU
		{67F9D3A8-F71E-4428-913F-C37AE82CDB24}.AppStore|x64.ActiveCfg = Release|Any CPU
		{67F9D3A8-F71E-4428-913F-C37AE82CDB24}.AppStore|x64.Build.0 = Release|Any CPU
		{67F9D3A8-F71E-4428-913F-C37AE82CDB24}.AppStore|x86.ActiveCfg = Release|Any CPU
		{67F9D3A8-F71E-4428-913F-C37AE82CDB24}.AppStore|x86.Build.0 = Release|Any CPU
		{67F9D3A8-F71E-4428-913F-C37AE82CDB24}.Debug|Any CPU.ActiveCfg = Debug|Any CPU
		{67F9D3A8-F71E-4428-913F-C37AE82CDB24}.Debug|Any CPU.Build.0 = Debug|Any CPU
		{67F9D3A8-F71E-4428-913F-C37AE82CDB24}.Debug|ARM.ActiveCfg = Debug|Any CPU
		{67F9D3A8-F71E-4428-913F-C37AE82CDB24}.Debug|ARM.Build.0 = Debug|Any CPU
		{67F9D3A8-F71E-4428-913F-C37AE82CDB24}.Debug|iPhone.ActiveCfg = Debug|Any CPU
		{67F9D3A8-F71E-4428-913F-C37AE82CDB24}.Debug|iPhone.Build.0 = Debug|Any CPU
		{67F9D3A8-F71E-4428-913F-C37AE82CDB24}.Debug|iPhoneSimulator.ActiveCfg = Debug|Any CPU
		{67F9D3A8-F71E-4428-913F-C37AE82CDB24}.Debug|iPhoneSimulator.Build.0 = Debug|Any CPU
		{67F9D3A8-F71E-4428-913F-C37AE82CDB24}.Debug|x64.ActiveCfg = Debug|Any CPU
		{67F9D3A8-F71E-4428-913F-C37AE82CDB24}.Debug|x64.Build.0 = Debug|Any CPU
		{67F9D3A8-F71E-4428-913F-C37AE82CDB24}.Debug|x86.ActiveCfg = Debug|Any CPU
		{67F9D3A8-F71E-4428-913F-C37AE82CDB24}.Debug|x86.Build.0 = Debug|Any CPU
		{67F9D3A8-F71E-4428-913F-C37AE82CDB24}.Release|Any CPU.ActiveCfg = Release|Any CPU
		{67F9D3A8-F71E-4428-913F-C37AE82CDB24}.Release|Any CPU.Build.0 = Release|Any CPU
		{67F9D3A8-F71E-4428-913F-C37AE82CDB24}.Release|ARM.ActiveCfg = Release|Any CPU
		{67F9D3A8-F71E-4428-913F-C37AE82CDB24}.Release|ARM.Build.0 = Release|Any CPU
		{67F9D3A8-F71E-4428-913F-C37AE82CDB24}.Release|iPhone.ActiveCfg = Release|Any CPU
		{67F9D3A8-F71E-4428-913F-C37AE82CDB24}.Release|iPhone.Build.0 = Release|Any CPU
		{67F9D3A8-F71E-4428-913F-C37AE82CDB24}.Release|iPhoneSimulator.ActiveCfg = Release|Any CPU
		{67F9D3A8-F71E-4428-913F-C37AE82CDB24}.Release|iPhoneSimulator.Build.0 = Release|Any CPU
		{67F9D3A8-F71E-4428-913F-C37AE82CDB24}.Release|x64.ActiveCfg = Release|Any CPU
		{67F9D3A8-F71E-4428-913F-C37AE82CDB24}.Release|x64.Build.0 = Release|Any CPU
		{67F9D3A8-F71E-4428-913F-C37AE82CDB24}.Release|x86.ActiveCfg = Release|Any CPU
		{67F9D3A8-F71E-4428-913F-C37AE82CDB24}.Release|x86.Build.0 = Release|Any CPU
	EndGlobalSection
	GlobalSection(SolutionProperties) = preSolution
		HideSolutionNode = FALSE
	EndGlobalSection
	GlobalSection(NestedProjects) = preSolution
		{67F9D3A8-F71E-4428-913F-C37AE82CDB24} = {32340BA3-1DE0-4725-8066-9D8BC9394923}
	EndGlobalSection
EndGlobal
